
Microsoft Visual Studio Solution File, Format Version 12.00
# Visual Studio Version 17
VisualStudioVersion = 17.2.32602.215
MinimumVisualStudioVersion = 10.0.40219.1
Project("{2150E333-8FDC-42A3-9474-1A3956D46DE8}") = "Blazor", "Blazor", "{303E884D-E6EB-42CA-8AE8-6359922E63CF}"
EndProject
Project("{2150E333-8FDC-42A3-9474-1A3956D46DE8}") = "Toasts", "Toasts", "{D55E66B1-1445-4ECC-93A6-7F03A5A2444F}"
	ProjectSection(SolutionItems) = preProject
		Blazor\Toasts\Readme-ToastService.md = Blazor\Toasts\Readme-ToastService.md
	EndProjectSection
EndProject
Project("{2150E333-8FDC-42A3-9474-1A3956D46DE8}") = "CSharp", "CSharp", "{C0A10E1B-0359-4B44-BF0C-E0D2729988A4}"
EndProject
Project("{2150E333-8FDC-42A3-9474-1A3956D46DE8}") = "Patterns", "Patterns", "{A80F9007-B34D-42E9-874B-9B5B5F825A14}"
EndProject
Project("{2150E333-8FDC-42A3-9474-1A3956D46DE8}") = "Singleton", "Singleton", "{494401AC-81CA-412B-B798-469F105C0FDD}"
	ProjectSection(SolutionItems) = preProject
		C#\Patterns\Singleton\ReadMe-Patterns-singleton.md = C#\Patterns\Singleton\ReadMe-Patterns-singleton.md
	EndProjectSection
EndProject
Project("{2150E333-8FDC-42A3-9474-1A3956D46DE8}") = "Adapter", "Adapter", "{7A28E6C7-C336-4654-BEC0-58E92C299B10}"
	ProjectSection(SolutionItems) = preProject
		C#\Patterns\Adapter\ReadMe-AdapterPattern.md = C#\Patterns\Adapter\ReadMe-AdapterPattern.md
	EndProjectSection
EndProject
Project("{2150E333-8FDC-42A3-9474-1A3956D46DE8}") = "Decorator", "Decorator", "{379C923D-BB86-4588-B509-420568EBAA67}"
	ProjectSection(SolutionItems) = preProject
		C#\Patterns\Decorator\DecoratorPattern.md = C#\Patterns\Decorator\DecoratorPattern.md
	EndProjectSection
EndProject
Project("{2150E333-8FDC-42A3-9474-1A3956D46DE8}") = "Repository", "Repository", "{96D1B68E-8522-4B73-B744-4BBC0802EB34}"
	ProjectSection(SolutionItems) = preProject
		C#\Patterns\Repository\ReadMe-repository.md = C#\Patterns\Repository\ReadMe-repository.md
	EndProjectSection
EndProject
Project("{2150E333-8FDC-42A3-9474-1A3956D46DE8}") = "Options", "Options", "{DEFD5035-7557-42BD-AFFF-847844AE5137}"
	ProjectSection(SolutionItems) = preProject
		C#\Patterns\Options\ReadMe-OptionsPattern.md = C#\Patterns\Options\ReadMe-OptionsPattern.md
	EndProjectSection
EndProject
Project("{2150E333-8FDC-42A3-9474-1A3956D46DE8}") = "CQRS", "CQRS", "{2EF97569-FD85-4318-96F6-649A49C36D82}"
EndProject
Project("{2150E333-8FDC-42A3-9474-1A3956D46DE8}") = "Commands", "Commands", "{8BB9951C-33FB-4951-80FA-70D14BEA559D}"
EndProject
Project("{2150E333-8FDC-42A3-9474-1A3956D46DE8}") = "Queries", "Queries", "{D36BAE07-949D-4EC0-98AF-8B7FDC72BF24}"
EndProject
Project("{9A19103F-16F7-4668-BE54-9A1E7A4F7556}") = "Toasts", "Blazor\Toasts\Toasts.csproj", "{558EC0B5-F17D-4DD0-82D2-B650DCCEBBEE}"
EndProject
Project("{9A19103F-16F7-4668-BE54-9A1E7A4F7556}") = "AdapterPattern", "C#\Patterns\Adapter\AdapterPattern\AdapterPattern.csproj", "{DB203478-F317-415C-99D4-3BC676ADA3EA}"
EndProject
Project("{9A19103F-16F7-4668-BE54-9A1E7A4F7556}") = "AdapterPatternClient", "C#\Patterns\Adapter\AdapterPatternClient\AdapterPatternClient.csproj", "{9ACE22A5-FFD9-4946-8B8D-7B99BFEA07FD}"
EndProject
Project("{9A19103F-16F7-4668-BE54-9A1E7A4F7556}") = "Singleton", "C#\Patterns\Singleton\Singleton\Singleton.csproj", "{A187BD69-9F0D-4D99-AB2D-81984BEB006D}"
EndProject
Project("{9A19103F-16F7-4668-BE54-9A1E7A4F7556}") = "RepositoryPattern-Example1", "C#\Patterns\Repository\RepositoryPattern-Example1\RepositoryPattern-Example1.csproj", "{2042FB05-1066-4D7E-A8C7-D35DF02616B2}"
EndProject
Project("{9A19103F-16F7-4668-BE54-9A1E7A4F7556}") = "RepositoryPattern-Example2", "C#\Patterns\Repository\RepositoryPattern-Example2\RepositoryPattern-Example2.csproj", "{2EBF0CF3-9678-4D19-8767-9A9097870BC7}"
EndProject
Project("{9A19103F-16F7-4668-BE54-9A1E7A4F7556}") = "OptionsPattern", "C#\Patterns\Options\OptionsPattern\OptionsPattern.csproj", "{417DD999-4593-439F-919F-61737B6F50F9}"
EndProject
Project("{9A19103F-16F7-4668-BE54-9A1E7A4F7556}") = "DecoratorPattern", "C#\Patterns\Decorator\DecoratorPattern\DecoratorPattern.csproj", "{A0BFEFE3-4B27-4D0D-83C4-D5ECE6D7C046}"
EndProject
Project("{9A19103F-16F7-4668-BE54-9A1E7A4F7556}") = "Application", "C#\Patterns\CQRS\Commands\Application\Application.csproj", "{6088E3C1-9B18-4DD4-99D0-9F2774725FFD}"
EndProject
Project("{FAE04EC0-301F-11D3-BF4B-00C04F79EFBC}") = "Domain", "C#\Patterns\CQRS\Commands\Domain\Domain.csproj", "{FA91EA79-E84F-4E09-96AB-3EA1C72AF133}"
EndProject
Project("{FAE04EC0-301F-11D3-BF4B-00C04F79EFBC}") = "Infrastructure", "C#\Patterns\CQRS\Commands\Infrastructure\Infrastructure.csproj", "{B2938FA2-C198-486A-8960-9E3508A085A8}"
EndProject
Project("{FAE04EC0-301F-11D3-BF4B-00C04F79EFBC}") = "Application", "C#\Patterns\CQRS\Queries\Application\Application.csproj", "{E09D33D7-27E3-40B7-92BD-4276E52C15F4}"
EndProject
Global
	GlobalSection(SolutionConfigurationPlatforms) = preSolution
		Debug|Any CPU = Debug|Any CPU
		Release|Any CPU = Release|Any CPU
	EndGlobalSection
	GlobalSection(ProjectConfigurationPlatforms) = postSolution
		{558EC0B5-F17D-4DD0-82D2-B650DCCEBBEE}.Debug|Any CPU.ActiveCfg = Debug|Any CPU
		{558EC0B5-F17D-4DD0-82D2-B650DCCEBBEE}.Debug|Any CPU.Build.0 = Debug|Any CPU
		{558EC0B5-F17D-4DD0-82D2-B650DCCEBBEE}.Release|Any CPU.ActiveCfg = Release|Any CPU
		{558EC0B5-F17D-4DD0-82D2-B650DCCEBBEE}.Release|Any CPU.Build.0 = Release|Any CPU
		{DB203478-F317-415C-99D4-3BC676ADA3EA}.Debug|Any CPU.ActiveCfg = Debug|Any CPU
		{DB203478-F317-415C-99D4-3BC676ADA3EA}.Debug|Any CPU.Build.0 = Debug|Any CPU
		{DB203478-F317-415C-99D4-3BC676ADA3EA}.Release|Any CPU.ActiveCfg = Release|Any CPU
		{DB203478-F317-415C-99D4-3BC676ADA3EA}.Release|Any CPU.Build.0 = Release|Any CPU
		{9ACE22A5-FFD9-4946-8B8D-7B99BFEA07FD}.Debug|Any CPU.ActiveCfg = Debug|Any CPU
		{9ACE22A5-FFD9-4946-8B8D-7B99BFEA07FD}.Debug|Any CPU.Build.0 = Debug|Any CPU
		{9ACE22A5-FFD9-4946-8B8D-7B99BFEA07FD}.Release|Any CPU.ActiveCfg = Release|Any CPU
		{9ACE22A5-FFD9-4946-8B8D-7B99BFEA07FD}.Release|Any CPU.Build.0 = Release|Any CPU
		{A187BD69-9F0D-4D99-AB2D-81984BEB006D}.Debug|Any CPU.ActiveCfg = Debug|Any CPU
		{A187BD69-9F0D-4D99-AB2D-81984BEB006D}.Debug|Any CPU.Build.0 = Debug|Any CPU
		{A187BD69-9F0D-4D99-AB2D-81984BEB006D}.Release|Any CPU.ActiveCfg = Release|Any CPU
		{A187BD69-9F0D-4D99-AB2D-81984BEB006D}.Release|Any CPU.Build.0 = Release|Any CPU
		{2042FB05-1066-4D7E-A8C7-D35DF02616B2}.Debug|Any CPU.ActiveCfg = Debug|Any CPU
		{2042FB05-1066-4D7E-A8C7-D35DF02616B2}.Debug|Any CPU.Build.0 = Debug|Any CPU
		{2042FB05-1066-4D7E-A8C7-D35DF02616B2}.Release|Any CPU.ActiveCfg = Release|Any CPU
		{2042FB05-1066-4D7E-A8C7-D35DF02616B2}.Release|Any CPU.Build.0 = Release|Any CPU
		{2EBF0CF3-9678-4D19-8767-9A9097870BC7}.Debug|Any CPU.ActiveCfg = Debug|Any CPU
		{2EBF0CF3-9678-4D19-8767-9A9097870BC7}.Debug|Any CPU.Build.0 = Debug|Any CPU
		{2EBF0CF3-9678-4D19-8767-9A9097870BC7}.Release|Any CPU.ActiveCfg = Release|Any CPU
		{2EBF0CF3-9678-4D19-8767-9A9097870BC7}.Release|Any CPU.Build.0 = Release|Any CPU
		{417DD999-4593-439F-919F-61737B6F50F9}.Debug|Any CPU.ActiveCfg = Debug|Any CPU
		{417DD999-4593-439F-919F-61737B6F50F9}.Debug|Any CPU.Build.0 = Debug|Any CPU
		{417DD999-4593-439F-919F-61737B6F50F9}.Release|Any CPU.ActiveCfg = Release|Any CPU
		{417DD999-4593-439F-919F-61737B6F50F9}.Release|Any CPU.Build.0 = Release|Any CPU
		{A0BFEFE3-4B27-4D0D-83C4-D5ECE6D7C046}.Debug|Any CPU.ActiveCfg = Debug|Any CPU
		{A0BFEFE3-4B27-4D0D-83C4-D5ECE6D7C046}.Debug|Any CPU.Build.0 = Debug|Any CPU
		{A0BFEFE3-4B27-4D0D-83C4-D5ECE6D7C046}.Release|Any CPU.ActiveCfg = Release|Any CPU
		{A0BFEFE3-4B27-4D0D-83C4-D5ECE6D7C046}.Release|Any CPU.Build.0 = Release|Any CPU
		{6088E3C1-9B18-4DD4-99D0-9F2774725FFD}.Debug|Any CPU.ActiveCfg = Debug|Any CPU
		{6088E3C1-9B18-4DD4-99D0-9F2774725FFD}.Debug|Any CPU.Build.0 = Debug|Any CPU
		{6088E3C1-9B18-4DD4-99D0-9F2774725FFD}.Release|Any CPU.ActiveCfg = Release|Any CPU
		{6088E3C1-9B18-4DD4-99D0-9F2774725FFD}.Release|Any CPU.Build.0 = Release|Any CPU
		{FA91EA79-E84F-4E09-96AB-3EA1C72AF133}.Debug|Any CPU.ActiveCfg = Debug|Any CPU
		{FA91EA79-E84F-4E09-96AB-3EA1C72AF133}.Debug|Any CPU.Build.0 = Debug|Any CPU
		{FA91EA79-E84F-4E09-96AB-3EA1C72AF133}.Release|Any CPU.ActiveCfg = Release|Any CPU
		{FA91EA79-E84F-4E09-96AB-3EA1C72AF133}.Release|Any CPU.Build.0 = Release|Any CPU
		{B2938FA2-C198-486A-8960-9E3508A085A8}.Debug|Any CPU.ActiveCfg = Debug|Any CPU
		{B2938FA2-C198-486A-8960-9E3508A085A8}.Debug|Any CPU.Build.0 = Debug|Any CPU
		{B2938FA2-C198-486A-8960-9E3508A085A8}.Release|Any CPU.ActiveCfg = Release|Any CPU
		{B2938FA2-C198-486A-8960-9E3508A085A8}.Release|Any CPU.Build.0 = Release|Any CPU
		{E09D33D7-27E3-40B7-92BD-4276E52C15F4}.Debug|Any CPU.ActiveCfg = Debug|Any CPU
		{E09D33D7-27E3-40B7-92BD-4276E52C15F4}.Debug|Any CPU.Build.0 = Debug|Any CPU
		{E09D33D7-27E3-40B7-92BD-4276E52C15F4}.Release|Any CPU.ActiveCfg = Release|Any CPU
		{E09D33D7-27E3-40B7-92BD-4276E52C15F4}.Release|Any CPU.Build.0 = Release|Any CPU
	EndGlobalSection
	GlobalSection(SolutionProperties) = preSolution
		HideSolutionNode = FALSE
	EndGlobalSection
	GlobalSection(NestedProjects) = preSolution
		{D55E66B1-1445-4ECC-93A6-7F03A5A2444F} = {303E884D-E6EB-42CA-8AE8-6359922E63CF}
		{A80F9007-B34D-42E9-874B-9B5B5F825A14} = {C0A10E1B-0359-4B44-BF0C-E0D2729988A4}
		{494401AC-81CA-412B-B798-469F105C0FDD} = {A80F9007-B34D-42E9-874B-9B5B5F825A14}
		{7A28E6C7-C336-4654-BEC0-58E92C299B10} = {A80F9007-B34D-42E9-874B-9B5B5F825A14}
		{379C923D-BB86-4588-B509-420568EBAA67} = {A80F9007-B34D-42E9-874B-9B5B5F825A14}
		{96D1B68E-8522-4B73-B744-4BBC0802EB34} = {A80F9007-B34D-42E9-874B-9B5B5F825A14}
		{DEFD5035-7557-42BD-AFFF-847844AE5137} = {A80F9007-B34D-42E9-874B-9B5B5F825A14}
		{2EF97569-FD85-4318-96F6-649A49C36D82} = {A80F9007-B34D-42E9-874B-9B5B5F825A14}
		{8BB9951C-33FB-4951-80FA-70D14BEA559D} = {2EF97569-FD85-4318-96F6-649A49C36D82}
		{D36BAE07-949D-4EC0-98AF-8B7FDC72BF24} = {2EF97569-FD85-4318-96F6-649A49C36D82}
		{558EC0B5-F17D-4DD0-82D2-B650DCCEBBEE} = {D55E66B1-1445-4ECC-93A6-7F03A5A2444F}
		{DB203478-F317-415C-99D4-3BC676ADA3EA} = {7A28E6C7-C336-4654-BEC0-58E92C299B10}
		{9ACE22A5-FFD9-4946-8B8D-7B99BFEA07FD} = {7A28E6C7-C336-4654-BEC0-58E92C299B10}
		{A187BD69-9F0D-4D99-AB2D-81984BEB006D} = {494401AC-81CA-412B-B798-469F105C0FDD}
		{2042FB05-1066-4D7E-A8C7-D35DF02616B2} = {96D1B68E-8522-4B73-B744-4BBC0802EB34}
		{2EBF0CF3-9678-4D19-8767-9A9097870BC7} = {96D1B68E-8522-4B73-B744-4BBC0802EB34}
		{417DD999-4593-439F-919F-61737B6F50F9} = {DEFD5035-7557-42BD-AFFF-847844AE5137}
		{A0BFEFE3-4B27-4D0D-83C4-D5ECE6D7C046} = {379C923D-BB86-4588-B509-420568EBAA67}
		{6088E3C1-9B18-4DD4-99D0-9F2774725FFD} = {8BB9951C-33FB-4951-80FA-70D14BEA559D}
		{FA91EA79-E84F-4E09-96AB-3EA1C72AF133} = {8BB9951C-33FB-4951-80FA-70D14BEA559D}
		{B2938FA2-C198-486A-8960-9E3508A085A8} = {8BB9951C-33FB-4951-80FA-70D14BEA559D}
		{E09D33D7-27E3-40B7-92BD-4276E52C15F4} = {D36BAE07-949D-4EC0-98AF-8B7FDC72BF24}
	EndGlobalSection
	GlobalSection(ExtensibilityGlobals) = postSolution
		SolutionGuid = {E16799A7-1766-465B-9908-52790587A8E6}
	EndGlobalSection
EndGlobal
