
Microsoft Visual Studio Solution File, Format Version 12.00
# Visual Studio Version 17
VisualStudioVersion = 17.2.32602.215
MinimumVisualStudioVersion = 10.0.40219.1
Project("{2150E333-8FDC-42A3-9474-1A3956D46DE8}") = "Blazor", "Blazor", "{303E884D-E6EB-42CA-8AE8-6359922E63CF}"
EndProject
Project("{2150E333-8FDC-42A3-9474-1A3956D46DE8}") = "Toasts", "Toasts", "{D55E66B1-1445-4ECC-93A6-7F03A5A2444F}"
	ProjectSection(SolutionItems) = preProject
		Blazor\Toasts\Readme-ToastService.md = Blazor\Toasts\Readme-ToastService.md
	EndProjectSection
EndProject
Project("{2150E333-8FDC-42A3-9474-1A3956D46DE8}") = "CSharp", "CSharp", "{C0A10E1B-0359-4B44-BF0C-E0D2729988A4}"
EndProject
Project("{2150E333-8FDC-42A3-9474-1A3956D46DE8}") = "Patterns", "Patterns", "{A80F9007-B34D-42E9-874B-9B5B5F825A14}"
EndProject
Project("{2150E333-8FDC-42A3-9474-1A3956D46DE8}") = "Singleton", "Singleton", "{494401AC-81CA-412B-B798-469F105C0FDD}"
	ProjectSection(SolutionItems) = preProject
		C#\Patterns\Singleton\ReadMe-Patterns-singleton.md = C#\Patterns\Singleton\ReadMe-Patterns-singleton.md
	EndProjectSection
EndProject
Project("{2150E333-8FDC-42A3-9474-1A3956D46DE8}") = "Adapter", "Adapter", "{7A28E6C7-C336-4654-BEC0-58E92C299B10}"
	ProjectSection(SolutionItems) = preProject
		C#\Patterns\Adapter\ReadMe-AdapterPattern.md = C#\Patterns\Adapter\ReadMe-AdapterPattern.md
	EndProjectSection
EndProject
Project("{2150E333-8FDC-42A3-9474-1A3956D46DE8}") = "Decorator", "Decorator", "{379C923D-BB86-4588-B509-420568EBAA67}"
	ProjectSection(SolutionItems) = preProject
		C#\Patterns\Decorator\DecoratorPattern.md = C#\Patterns\Decorator\DecoratorPattern.md
	EndProjectSection
EndProject
Project("{2150E333-8FDC-42A3-9474-1A3956D46DE8}") = "Repository", "Repository", "{96D1B68E-8522-4B73-B744-4BBC0802EB34}"
	ProjectSection(SolutionItems) = preProject
		C#\Patterns\Repository\ReadMe-repository.md = C#\Patterns\Repository\ReadMe-repository.md
	EndProjectSection
EndProject
Project("{2150E333-8FDC-42A3-9474-1A3956D46DE8}") = "Options", "Options", "{DEFD5035-7557-42BD-AFFF-847844AE5137}"
	ProjectSection(SolutionItems) = preProject
		C#\Patterns\Options\ReadMe-OptionsPattern.md = C#\Patterns\Options\ReadMe-OptionsPattern.md
	EndProjectSection
EndProject
Project("{2150E333-8FDC-42A3-9474-1A3956D46DE8}") = "CQRS", "CQRS", "{2EF97569-FD85-4318-96F6-649A49C36D82}"
EndProject
Project("{2150E333-8FDC-42A3-9474-1A3956D46DE8}") = "Commands", "Commands", "{8BB9951C-33FB-4951-80FA-70D14BEA559D}"
EndProject
Project("{2150E333-8FDC-42A3-9474-1A3956D46DE8}") = "Queries", "Queries", "{D36BAE07-949D-4EC0-98AF-8B7FDC72BF24}"
EndProject
Project("{9A19103F-16F7-4668-BE54-9A1E7A4F7556}") = "Toasts", "Blazor\Toasts\Toasts.csproj", "{558EC0B5-F17D-4DD0-82D2-B650DCCEBBEE}"
EndProject
Project("{9A19103F-16F7-4668-BE54-9A1E7A4F7556}") = "AdapterPattern", "C#\Patterns\Adapter\AdapterPattern\AdapterPattern.csproj", "{DB203478-F317-415C-99D4-3BC676ADA3EA}"
EndProject
Project("{9A19103F-16F7-4668-BE54-9A1E7A4F7556}") = "AdapterPatternClient", "C#\Patterns\Adapter\AdapterPatternClient\AdapterPatternClient.csproj", "{9ACE22A5-FFD9-4946-8B8D-7B99BFEA07FD}"
EndProject
Project("{9A19103F-16F7-4668-BE54-9A1E7A4F7556}") = "Singleton", "C#\Patterns\Singleton\Singleton\Singleton.csproj", "{A187BD69-9F0D-4D99-AB2D-81984BEB006D}"
EndProject
Project("{9A19103F-16F7-4668-BE54-9A1E7A4F7556}") = "RepositoryPattern-Example1", "C#\Patterns\Repository\RepositoryPattern-Example1\RepositoryPattern-Example1.csproj", "{2042FB05-1066-4D7E-A8C7-D35DF02616B2}"
EndProject
Project("{9A19103F-16F7-4668-BE54-9A1E7A4F7556}") = "RepositoryPattern-Example2", "C#\Patterns\Repository\RepositoryPattern-Example2\RepositoryPattern-Example2.csproj", "{2EBF0CF3-9678-4D19-8767-9A9097870BC7}"
EndProject
Project("{9A19103F-16F7-4668-BE54-9A1E7A4F7556}") = "OptionsPattern", "C#\Patterns\Options\OptionsPattern\OptionsPattern.csproj", "{417DD999-4593-439F-919F-61737B6F50F9}"
EndProject
Project("{9A19103F-16F7-4668-BE54-9A1E7A4F7556}") = "DecoratorPattern", "C#\Patterns\Decorator\DecoratorPattern\DecoratorPattern.csproj", "{A0BFEFE3-4B27-4D0D-83C4-D5ECE6D7C046}"
EndProject
Project("{9A19103F-16F7-4668-BE54-9A1E7A4F7556}") = "Api", "C#\Patterns\CQRS\Api\Api.csproj", "{BFB6C190-6E50-493F-AC2B-2748BA5DD556}"
EndProject
Project("{9A19103F-16F7-4668-BE54-9A1E7A4F7556}") = "Commands", "C#\Patterns\CQRS\Commands\Commands\Commands.csproj", "{7259A3CC-0718-4DB3-BDE3-4C29029E564D}"
EndProject
Project("{9A19103F-16F7-4668-BE54-9A1E7A4F7556}") = "Queries", "C#\Patterns\CQRS\Queries\Queries\Queries.csproj", "{000FE4A7-4EE8-403F-B4F4-1E4B3E061FB9}"
EndProject
Project("{9A19103F-16F7-4668-BE54-9A1E7A4F7556}") = "Application", "C#\Patterns\CQRS\Application\Application.csproj", "{9CF5AEB0-47A9-42B1-A2E2-94E6345286DD}"
EndProject
Project("{9A19103F-16F7-4668-BE54-9A1E7A4F7556}") = "Infrastructure", "C#\Patterns\CQRS\Infrastructure\Infrastructure.csproj", "{52054F9B-6EAD-485B-911C-CC493C07C836}"
EndProject
Project("{9A19103F-16F7-4668-BE54-9A1E7A4F7556}") = "Domain", "C#\Patterns\CQRS\Domain\Domain.csproj", "{952E6359-3E14-42D7-8B05-E4189DF39C73}"
EndProject
Project("{2150E333-8FDC-42A3-9474-1A3956D46DE8}") = "UnitTesting", "UnitTesting", "{ABF64110-3FBB-4B6C-8E7B-95ED56800DFD}"
EndProject
Project("{9A19103F-16F7-4668-BE54-9A1E7A4F7556}") = "CalculatorService", "C#\Unit Testing\CalculatorService\CalculatorService.csproj", "{61D39456-016D-4E4F-88C7-069BF4471D8D}"
EndProject
Project("{9A19103F-16F7-4668-BE54-9A1E7A4F7556}") = "CalculatorServiceTests", "C#\Unit Testing\CalculatorServiceTests\CalculatorServiceTests.csproj", "{D6BB4FF4-FB1E-45C7-B48E-C8CA57AE9246}"
EndProject
Project("{2150E333-8FDC-42A3-9474-1A3956D46DE8}") = "Integration testing", "Integration testing", "{1D56A0A4-6F7F-445D-A815-6AE84608DF88}"
EndProject
Project("{FAE04EC0-301F-11D3-BF4B-00C04F79EFBC}") = "Repository", "C#\Unit Testing\Integration testing\Repository\Repository.csproj", "{C42D5001-12F7-42F4-95AF-833E32D0E083}"
EndProject
Project("{2150E333-8FDC-42A3-9474-1A3956D46DE8}") = "Tests", "Tests", "{72122930-806B-484C-AF02-9531D13E23C9}"
EndProject
Global
	GlobalSection(SolutionConfigurationPlatforms) = preSolution
		Debug|Any CPU = Debug|Any CPU
		Release|Any CPU = Release|Any CPU
	EndGlobalSection
	GlobalSection(ProjectConfigurationPlatforms) = postSolution
		{558EC0B5-F17D-4DD0-82D2-B650DCCEBBEE}.Debug|Any CPU.ActiveCfg = Debug|Any CPU
		{558EC0B5-F17D-4DD0-82D2-B650DCCEBBEE}.Debug|Any CPU.Build.0 = Debug|Any CPU
		{558EC0B5-F17D-4DD0-82D2-B650DCCEBBEE}.Release|Any CPU.ActiveCfg = Release|Any CPU
		{558EC0B5-F17D-4DD0-82D2-B650DCCEBBEE}.Release|Any CPU.Build.0 = Release|Any CPU
		{DB203478-F317-415C-99D4-3BC676ADA3EA}.Debug|Any CPU.ActiveCfg = Debug|Any CPU
		{DB203478-F317-415C-99D4-3BC676ADA3EA}.Debug|Any CPU.Build.0 = Debug|Any CPU
		{DB203478-F317-415C-99D4-3BC676ADA3EA}.Release|Any CPU.ActiveCfg = Release|Any CPU
		{DB203478-F317-415C-99D4-3BC676ADA3EA}.Release|Any CPU.Build.0 = Release|Any CPU
		{9ACE22A5-FFD9-4946-8B8D-7B99BFEA07FD}.Debug|Any CPU.ActiveCfg = Debug|Any CPU
		{9ACE22A5-FFD9-4946-8B8D-7B99BFEA07FD}.Debug|Any CPU.Build.0 = Debug|Any CPU
		{9ACE22A5-FFD9-4946-8B8D-7B99BFEA07FD}.Release|Any CPU.ActiveCfg = Release|Any CPU
		{9ACE22A5-FFD9-4946-8B8D-7B99BFEA07FD}.Release|Any CPU.Build.0 = Release|Any CPU
		{A187BD69-9F0D-4D99-AB2D-81984BEB006D}.Debug|Any CPU.ActiveCfg = Debug|Any CPU
		{A187BD69-9F0D-4D99-AB2D-81984BEB006D}.Debug|Any CPU.Build.0 = Debug|Any CPU
		{A187BD69-9F0D-4D99-AB2D-81984BEB006D}.Release|Any CPU.ActiveCfg = Release|Any CPU
		{A187BD69-9F0D-4D99-AB2D-81984BEB006D}.Release|Any CPU.Build.0 = Release|Any CPU
		{2042FB05-1066-4D7E-A8C7-D35DF02616B2}.Debug|Any CPU.ActiveCfg = Debug|Any CPU
		{2042FB05-1066-4D7E-A8C7-D35DF02616B2}.Debug|Any CPU.Build.0 = Debug|Any CPU
		{2042FB05-1066-4D7E-A8C7-D35DF02616B2}.Release|Any CPU.ActiveCfg = Release|Any CPU
		{2042FB05-1066-4D7E-A8C7-D35DF02616B2}.Release|Any CPU.Build.0 = Release|Any CPU
		{2EBF0CF3-9678-4D19-8767-9A9097870BC7}.Debug|Any CPU.ActiveCfg = Debug|Any CPU
		{2EBF0CF3-9678-4D19-8767-9A9097870BC7}.Debug|Any CPU.Build.0 = Debug|Any CPU
		{2EBF0CF3-9678-4D19-8767-9A9097870BC7}.Release|Any CPU.ActiveCfg = Release|Any CPU
		{2EBF0CF3-9678-4D19-8767-9A9097870BC7}.Release|Any CPU.Build.0 = Release|Any CPU
		{417DD999-4593-439F-919F-61737B6F50F9}.Debug|Any CPU.ActiveCfg = Debug|Any CPU
		{417DD999-4593-439F-919F-61737B6F50F9}.Debug|Any CPU.Build.0 = Debug|Any CPU
		{417DD999-4593-439F-919F-61737B6F50F9}.Release|Any CPU.ActiveCfg = Release|Any CPU
		{417DD999-4593-439F-919F-61737B6F50F9}.Release|Any CPU.Build.0 = Release|Any CPU
		{A0BFEFE3-4B27-4D0D-83C4-D5ECE6D7C046}.Debug|Any CPU.ActiveCfg = Debug|Any CPU
		{A0BFEFE3-4B27-4D0D-83C4-D5ECE6D7C046}.Debug|Any CPU.Build.0 = Debug|Any CPU
		{A0BFEFE3-4B27-4D0D-83C4-D5ECE6D7C046}.Release|Any CPU.ActiveCfg = Release|Any CPU
		{A0BFEFE3-4B27-4D0D-83C4-D5ECE6D7C046}.Release|Any CPU.Build.0 = Release|Any CPU
		{BFB6C190-6E50-493F-AC2B-2748BA5DD556}.Debug|Any CPU.ActiveCfg = Debug|Any CPU
		{BFB6C190-6E50-493F-AC2B-2748BA5DD556}.Debug|Any CPU.Build.0 = Debug|Any CPU
		{BFB6C190-6E50-493F-AC2B-2748BA5DD556}.Release|Any CPU.ActiveCfg = Release|Any CPU
		{BFB6C190-6E50-493F-AC2B-2748BA5DD556}.Release|Any CPU.Build.0 = Release|Any CPU
		{7259A3CC-0718-4DB3-BDE3-4C29029E564D}.Debug|Any CPU.ActiveCfg = Debug|Any CPU
		{7259A3CC-0718-4DB3-BDE3-4C29029E564D}.Debug|Any CPU.Build.0 = Debug|Any CPU
		{7259A3CC-0718-4DB3-BDE3-4C29029E564D}.Release|Any CPU.ActiveCfg = Release|Any CPU
		{7259A3CC-0718-4DB3-BDE3-4C29029E564D}.Release|Any CPU.Build.0 = Release|Any CPU
		{000FE4A7-4EE8-403F-B4F4-1E4B3E061FB9}.Debug|Any CPU.ActiveCfg = Debug|Any CPU
		{000FE4A7-4EE8-403F-B4F4-1E4B3E061FB9}.Debug|Any CPU.Build.0 = Debug|Any CPU
		{000FE4A7-4EE8-403F-B4F4-1E4B3E061FB9}.Release|Any CPU.ActiveCfg = Release|Any CPU
		{000FE4A7-4EE8-403F-B4F4-1E4B3E061FB9}.Release|Any CPU.Build.0 = Release|Any CPU
		{9CF5AEB0-47A9-42B1-A2E2-94E6345286DD}.Debug|Any CPU.ActiveCfg = Debug|Any CPU
		{9CF5AEB0-47A9-42B1-A2E2-94E6345286DD}.Debug|Any CPU.Build.0 = Debug|Any CPU
		{9CF5AEB0-47A9-42B1-A2E2-94E6345286DD}.Release|Any CPU.ActiveCfg = Release|Any CPU
		{9CF5AEB0-47A9-42B1-A2E2-94E6345286DD}.Release|Any CPU.Build.0 = Release|Any CPU
		{52054F9B-6EAD-485B-911C-CC493C07C836}.Debug|Any CPU.ActiveCfg = Debug|Any CPU
		{52054F9B-6EAD-485B-911C-CC493C07C836}.Debug|Any CPU.Build.0 = Debug|Any CPU
		{52054F9B-6EAD-485B-911C-CC493C07C836}.Release|Any CPU.ActiveCfg = Release|Any CPU
		{52054F9B-6EAD-485B-911C-CC493C07C836}.Release|Any CPU.Build.0 = Release|Any CPU
		{952E6359-3E14-42D7-8B05-E4189DF39C73}.Debug|Any CPU.ActiveCfg = Debug|Any CPU
		{952E6359-3E14-42D7-8B05-E4189DF39C73}.Debug|Any CPU.Build.0 = Debug|Any CPU
		{952E6359-3E14-42D7-8B05-E4189DF39C73}.Release|Any CPU.ActiveCfg = Release|Any CPU
		{952E6359-3E14-42D7-8B05-E4189DF39C73}.Release|Any CPU.Build.0 = Release|Any CPU
		{61D39456-016D-4E4F-88C7-069BF4471D8D}.Debug|Any CPU.ActiveCfg = Debug|Any CPU
		{61D39456-016D-4E4F-88C7-069BF4471D8D}.Debug|Any CPU.Build.0 = Debug|Any CPU
		{61D39456-016D-4E4F-88C7-069BF4471D8D}.Release|Any CPU.ActiveCfg = Release|Any CPU
		{61D39456-016D-4E4F-88C7-069BF4471D8D}.Release|Any CPU.Build.0 = Release|Any CPU
		{D6BB4FF4-FB1E-45C7-B48E-C8CA57AE9246}.Debug|Any CPU.ActiveCfg = Debug|Any CPU
		{D6BB4FF4-FB1E-45C7-B48E-C8CA57AE9246}.Debug|Any CPU.Build.0 = Debug|Any CPU
		{D6BB4FF4-FB1E-45C7-B48E-C8CA57AE9246}.Release|Any CPU.ActiveCfg = Release|Any CPU
		{D6BB4FF4-FB1E-45C7-B48E-C8CA57AE9246}.Release|Any CPU.Build.0 = Release|Any CPU
		{C42D5001-12F7-42F4-95AF-833E32D0E083}.Debug|Any CPU.ActiveCfg = Debug|Any CPU
		{C42D5001-12F7-42F4-95AF-833E32D0E083}.Debug|Any CPU.Build.0 = Debug|Any CPU
		{C42D5001-12F7-42F4-95AF-833E32D0E083}.Release|Any CPU.ActiveCfg = Release|Any CPU
		{C42D5001-12F7-42F4-95AF-833E32D0E083}.Release|Any CPU.Build.0 = Release|Any CPU
	EndGlobalSection
	GlobalSection(SolutionProperties) = preSolution
		HideSolutionNode = FALSE
	EndGlobalSection
	GlobalSection(NestedProjects) = preSolution
		{D55E66B1-1445-4ECC-93A6-7F03A5A2444F} = {303E884D-E6EB-42CA-8AE8-6359922E63CF}
		{A80F9007-B34D-42E9-874B-9B5B5F825A14} = {C0A10E1B-0359-4B44-BF0C-E0D2729988A4}
		{494401AC-81CA-412B-B798-469F105C0FDD} = {A80F9007-B34D-42E9-874B-9B5B5F825A14}
		{7A28E6C7-C336-4654-BEC0-58E92C299B10} = {A80F9007-B34D-42E9-874B-9B5B5F825A14}
		{379C923D-BB86-4588-B509-420568EBAA67} = {A80F9007-B34D-42E9-874B-9B5B5F825A14}
		{96D1B68E-8522-4B73-B744-4BBC0802EB34} = {A80F9007-B34D-42E9-874B-9B5B5F825A14}
		{DEFD5035-7557-42BD-AFFF-847844AE5137} = {A80F9007-B34D-42E9-874B-9B5B5F825A14}
		{2EF97569-FD85-4318-96F6-649A49C36D82} = {A80F9007-B34D-42E9-874B-9B5B5F825A14}
		{8BB9951C-33FB-4951-80FA-70D14BEA559D} = {2EF97569-FD85-4318-96F6-649A49C36D82}
		{D36BAE07-949D-4EC0-98AF-8B7FDC72BF24} = {2EF97569-FD85-4318-96F6-649A49C36D82}
		{558EC0B5-F17D-4DD0-82D2-B650DCCEBBEE} = {D55E66B1-1445-4ECC-93A6-7F03A5A2444F}
		{DB203478-F317-415C-99D4-3BC676ADA3EA} = {7A28E6C7-C336-4654-BEC0-58E92C299B10}
		{9ACE22A5-FFD9-4946-8B8D-7B99BFEA07FD} = {7A28E6C7-C336-4654-BEC0-58E92C299B10}
		{A187BD69-9F0D-4D99-AB2D-81984BEB006D} = {494401AC-81CA-412B-B798-469F105C0FDD}
		{2042FB05-1066-4D7E-A8C7-D35DF02616B2} = {96D1B68E-8522-4B73-B744-4BBC0802EB34}
		{2EBF0CF3-9678-4D19-8767-9A9097870BC7} = {96D1B68E-8522-4B73-B744-4BBC0802EB34}
		{417DD999-4593-439F-919F-61737B6F50F9} = {DEFD5035-7557-42BD-AFFF-847844AE5137}
		{A0BFEFE3-4B27-4D0D-83C4-D5ECE6D7C046} = {379C923D-BB86-4588-B509-420568EBAA67}
		{BFB6C190-6E50-493F-AC2B-2748BA5DD556} = {2EF97569-FD85-4318-96F6-649A49C36D82}
		{7259A3CC-0718-4DB3-BDE3-4C29029E564D} = {8BB9951C-33FB-4951-80FA-70D14BEA559D}
		{000FE4A7-4EE8-403F-B4F4-1E4B3E061FB9} = {D36BAE07-949D-4EC0-98AF-8B7FDC72BF24}
		{9CF5AEB0-47A9-42B1-A2E2-94E6345286DD} = {2EF97569-FD85-4318-96F6-649A49C36D82}
		{52054F9B-6EAD-485B-911C-CC493C07C836} = {2EF97569-FD85-4318-96F6-649A49C36D82}
		{952E6359-3E14-42D7-8B05-E4189DF39C73} = {2EF97569-FD85-4318-96F6-649A49C36D82}
		{ABF64110-3FBB-4B6C-8E7B-95ED56800DFD} = {C0A10E1B-0359-4B44-BF0C-E0D2729988A4}
		{61D39456-016D-4E4F-88C7-069BF4471D8D} = {ABF64110-3FBB-4B6C-8E7B-95ED56800DFD}
		{D6BB4FF4-FB1E-45C7-B48E-C8CA57AE9246} = {ABF64110-3FBB-4B6C-8E7B-95ED56800DFD}
		{1D56A0A4-6F7F-445D-A815-6AE84608DF88} = {ABF64110-3FBB-4B6C-8E7B-95ED56800DFD}
		{C42D5001-12F7-42F4-95AF-833E32D0E083} = {1D56A0A4-6F7F-445D-A815-6AE84608DF88}
		{72122930-806B-484C-AF02-9531D13E23C9} = {1D56A0A4-6F7F-445D-A815-6AE84608DF88}
	EndGlobalSection
	GlobalSection(ExtensibilityGlobals) = postSolution
		SolutionGuid = {E16799A7-1766-465B-9908-52790587A8E6}
	EndGlobalSection
EndGlobal
